# This file was autogenerated by uv via the following command:
#    uv pip compile requirements.txt --universal --python-version 3.10 --output-file requirements.lock
aiohappyeyeballs==2.7.1
    # via aiohttp
aiohttp==3.14.3
    # via pysdl3
aiosignal==1.4.0
    # via aiohttp
anyio==4.14.2 ; sys_platform != 'emscripten'
    # via httpx2
async-timeout==5.0.1 ; python_full_version < '3.11'
    # via aiohttp
attrs==26.1.0
    # via aiohttp
beautifulsoup4==4.15.0
    # via -r requirements.txt
casttube==0.2.1
    # via pychromecast
certifi==2026.7.22
    # via requests
charset-normalizer==3.5.1
    # via requests
colorama==0.4.6 ; os_name == 'nt' and sys_platform != 'win32'
    # via colored-traceback
colored-traceback==0.4.2 ; sys_platform != 'win32'
    # via -r requirements.txt
comtypes==1.4.16 ; sys_platform == 'win32'
    # via -r requirements.txt
cython==3.2.9
    # via jxlpy
dbus-python==1.4.0 ; sys_platform == 'linux'
    # via -r requirements.txt
exceptiongroup==1.3.1 ; python_full_version < '3.11' and sys_platform != 'emscripten'
    # via anyio
frozenlist==1.8.0
    # via
    #   aiohttp
    #   aiosignal
h11==0.16.0 ; sys_platform != 'emscripten'
    # via httpcore2
httpcore2==2.10.0 ; sys_platform != 'emscripten'
    # via httpx2
httpx2==2.10.0
    # via pylast
httpx2-jsfetch==1.0 ; python_full_version >= '3.12' and sys_platform == 'emscripten'
    # via httpx2
idna==3.18
    # via
    #   anyio
    #   httpx2
    #   requests
    #   yarl
ifaddr==0.2.0
    # via zeroconf
isodate==0.7.2
    # via tidalapi
jxlpy==0.9.5
    # via -r requirements.txt
keyboard==0.13.5 ; sys_platform == 'win32'
    # via -r requirements.txt
mpegdash==0.4.1
    # via tidalapi
multidict==6.7.1
    # via
    #   aiohttp
    #   yarl
musicbrainzngs==0.7.1
    # via -r requirements.txt
mutagen==1.48.1
    # via -r requirements.txt
natsort==8.4.0
    # via -r requirements.txt
opencc==1.4.1 ; sys_platform != 'win32'
    # via -r requirements.txt
opencc-python-reimplemented==0.1.7 ; sys_platform == 'win32'
    # via -r requirements.txt
packaging==26.3
    # via pysdl3
pillow==12.3.0
    # via -r requirements.txt
plexapi==4.18.2
    # via -r requirements.txt
propcache==0.5.2
    # via
    #   aiohttp
    #   yarl
protobuf==7.35.1
    # via pychromecast
pyaes==1.6.1
    # via tidalapi
pycairo==1.29.1
    # via pygobject
pychromecast==13.1.0 ; python_full_version < '3.11'
    # via -r requirements.txt
pychromecast==14.0.10 ; python_full_version >= '3.11'
    # via -r requirements.txt
pygments==2.20.0 ; sys_platform != 'win32'
    # via colored-traceback
pygobject==3.56.3
    # via -r requirements.txt
pylast==7.1.0
    # via -r requirements.txt
pyobjc-core==12.2.2 ; sys_platform == 'darwin'
    # via pyobjc-framework-cocoa
pyobjc-framework-cocoa==12.2.2 ; sys_platform == 'darwin'
    # via -r requirements.txt
pyopengl==3.1.10
    # via -r requirements.txt
pypresence==4.6.2
    # via -r requirements.txt
pysdl3==0.9.11b1
    # via -r requirements.txt
python-dateutil==2.9.0.post0
    # via tidalapi
rapidfuzz==3.14.5
    # via -r requirements.txt
ratelimit==2.2.1
    # via tidalapi
requests==2.34.2
    # via
    #   -r requirements.txt
    #   casttube
    #   plexapi
    #   pysdl3
    #   tidalapi
send2trash==2.1.0
    # via -r requirements.txt
setproctitle==1.3.7
    # via -r requirements.txt
six==1.17.0
    # via python-dateutil
soupsieve==2.9.2
    # via beautifulsoup4
tidalapi==0.8.11
    # via -r requirements.txt
truststore==0.10.4 ; sys_platform != 'emscripten'
    # via
    #   httpcore2
    #   httpx2
typing-extensions==4.16.0
    # via
    #   aiohttp
    #   aiosignal
    #   anyio
    #   beautifulsoup4
    #   exceptiongroup
    #   httpx2
    #   multidict
    #   tidalapi
unidecode==1.4.0
    # via -r requirements.txt
urllib3==2.7.0
    # via requests
yarl==1.24.5
    # via aiohttp
zeroconf==0.150.0
    # via
    #   -r requirements.txt
    #   pychromecast
